
Microsoft Visual Studio Solution File, Format Version 12.00
# Visual Studio Version 16
VisualStudioVersion = 16.0.30011.22
MinimumVisualStudioVersion = 10.0.40219.1
Project("{FAE04EC0-301F-11D3-BF4B-00C04F79EFBC}") = "Angular2Demo", "Angular2Demo\Angular2Demo.csproj", "{1B349FC7-D822-4C56-B25F-13215E9BF67D}"
EndProject
Project("{FAE04EC0-301F-11D3-BF4B-00C04F79EFBC}") = "EmployeeWebAPIService", "EmployeeWebAPIService\EmployeeWebAPIService.csproj", "{2A96E87F-83A5-44D4-BA2A-E7F403F280BF}"
EndProject
Global
	GlobalSection(SolutionConfigurationPlatforms) = preSolution
		Debug|Any CPU = Debug|Any CPU
		Release|Any CPU = Release|Any CPU
	EndGlobalSection
	GlobalSection(ProjectConfigurationPlatforms) = postSolution
		{1B349FC7-D822-4C56-B25F-13215E9BF67D}.Debug|Any CPU.ActiveCfg = Debug|Any CPU
		{1B349FC7-D822-4C56-B25F-13215E9BF67D}.Debug|Any CPU.Build.0 = Debug|Any CPU
		{1B349FC7-D822-4C56-B25F-13215E9BF67D}.Release|Any CPU.ActiveCfg = Release|Any CPU
		{1B349FC7-D822-4C56-B25F-13215E9BF67D}.Release|Any CPU.Build.0 = Release|Any CPU
		{2A96E87F-83A5-44D4-BA2A-E7F403F280BF}.Debug|Any CPU.ActiveCfg = Debug|Any CPU
		{2A96E87F-83A5-44D4-BA2A-E7F403F280BF}.Debug|Any CPU.Build.0 = Debug|Any CPU
		{2A96E87F-83A5-44D4-BA2A-E7F403F280BF}.Release|Any CPU.ActiveCfg = Release|Any CPU
		{2A96E87F-83A5-44D4-BA2A-E7F403F280BF}.Release|Any CPU.Build.0 = Release|Any CPU
	EndGlobalSection
	GlobalSection(SolutionProperties) = preSolution
		HideSolutionNode = FALSE
	EndGlobalSection
	GlobalSection(ExtensibilityGlobals) = postSolution
		SolutionGuid = {F02B9C48-4FCD-4359-B17F-BFEB0BE3C99C}
	EndGlobalSection
EndGlobal
